{
  "name": "@forge/runtime-transform",
  "version": "1.0.0",
  "lockfileVersion": 3,
  "requires": true,
  "packages": {
    "": {
      "name": "@forge/runtime-transform",
      "version": "1.0.0",
      "license": "MIT",
      "dependencies": {
        "@babel/standalone": "^8.0.4"
      },
      "devDependencies": {
        "lucide-react": "0.468.0"
      }
    },
    "node_modules/@babel/standalone": {
      "version": "8.0.4",
      "resolved": "https://registry.npmjs.org/@babel/standalone/-/standalone-8.0.4.tgz",
      "integrity": "sha512-z8WgyJCfEl7qGAfJJksICOL5zQPpfwa6Yew+91Txf1k3xuDtlDdDe5GX2QdIhgx0HD7oYOCLoF8Y6CwNdawJwQ==",
      "license": "MIT",
      "engines": {
        "node": "^22.18.0 || >=24.11.0"
      }
    },
    "node_modules/lucide-react": {
      "version": "0.468.0",
      "resolved": "https://registry.npmjs.org/lucide-react/-/lucide-react-0.468.0.tgz",
      "integrity": "sha512-6koYRhnM2N0GGZIdXzSeiNwguv1gt/FAjZOiPl76roBi3xKEXa4WmfpxgQwTTL4KipXjefrnf3oV4IsYhi4JFA==",
      "dev": true,
      "license": "ISC",
      "peerDependencies": {
        "react": "^16.5.1 || ^17.0.0 || ^18.0.0 || ^19.0.0-rc"
      }
    },
    "node_modules/react": {
      "version": "19.2.8",
      "resolved": "https://registry.npmjs.org/react/-/react-19.2.8.tgz",
      "integrity": "sha512-PWaYA1L/q9u2u7xYQi+Y3L3Yfnie7XyLeaJICV1MGD6LprsBxcAqGjYyr0eY3p+QdsA+x/Irkt4Qif8D63+Sbw==",
      "dev": true,
      "license": "MIT",
      "peer": true,
      "engines": {
        "node": ">=0.10.0"
      }
    }
  }
}
